
Microsoft Visual Studio Solution File, Format Version 12.00
# Visual Studio Version 17
VisualStudioVersion = 17.10.35027.167
MinimumVisualStudioVersion = 10.0.40219.1
Project("{FAE04EC0-301F-11D3-BF4B-00C04F79EFBC}") = "ScholarSyncMVC", "ScholarSyncMVC\ScholarSyncMVC.csproj", "{3897CDA9-2A0D-4B26-9495-208E8F9C6382}"
EndProject
Project("{FAE04EC0-301F-11D3-BF4B-00C04F79EFBC}") = "ScholarSyncAPI", "ScholarSyncAPI\ScholarSyncAPI.csproj", "{7FC87DCA-1154-4A94-90FD-87DFA326D1FA}"
EndProject
Global
	GlobalSection(SolutionConfigurationPlatforms) = preSolution
		Debug|Any CPU = Debug|Any CPU
		Release|Any CPU = Release|Any CPU
	EndGlobalSection
	GlobalSection(ProjectConfigurationPlatforms) = postSolution
		{3897CDA9-2A0D-4B26-9495-208E8F9C6382}.Debug|Any CPU.ActiveCfg = Debug|Any CPU
		{3897CDA9-2A0D-4B26-9495-208E8F9C6382}.Debug|Any CPU.Build.0 = Debug|Any CPU
		{3897CDA9-2A0D-4B26-9495-208E8F9C6382}.Release|Any CPU.ActiveCfg = Release|Any CPU
		{3897CDA9-2A0D-4B26-9495-208E8F9C6382}.Release|Any CPU.Build.0 = Release|Any CPU
		{7FC87DCA-1154-4A94-90FD-87DFA326D1FA}.Debug|Any CPU.ActiveCfg = Debug|Any CPU
		{7FC87DCA-1154-4A94-90FD-87DFA326D1FA}.Debug|Any CPU.Build.0 = Debug|Any CPU
		{7FC87DCA-1154-4A94-90FD-87DFA326D1FA}.Release|Any CPU.ActiveCfg = Release|Any CPU
		{7FC87DCA-1154-4A94-90FD-87DFA326D1FA}.Release|Any CPU.Build.0 = Release|Any CPU
	EndGlobalSection
	GlobalSection(SolutionProperties) = preSolution
		HideSolutionNode = FALSE
	EndGlobalSection
	GlobalSection(ExtensibilityGlobals) = postSolution
		SolutionGuid = {1EF9AD28-5968-47C2-BC8A-37A39AC1DCAD}
	EndGlobalSection
EndGlobal
